
Microsoft Visual Studio Solution File, Format Version 12.00
# Visual Studio 15
VisualStudioVersion = 15.0.27703.2047
MinimumVisualStudioVersion = 10.0.40219.1
Project("{FAE04EC0-301F-11D3-BF4B-00C04F79EFBC}") = "Scaling", "Scaling\Scaling.csproj", "{3C6BB049-C7D5-4D63-83A5-70B6DF913DDF}"
EndProject
Global
	GlobalSection(SolutionConfigurationPlatforms) = preSolution
		Debug|Any CPU = Debug|Any CPU
		Release|Any CPU = Release|Any CPU
	EndGlobalSection
	GlobalSection(ProjectConfigurationPlatforms) = postSolution
		{3C6BB049-C7D5-4D63-83A5-70B6DF913DDF}.Debug|Any CPU.ActiveCfg = Debug|Any CPU
		{3C6BB049-C7D5-4D63-83A5-70B6DF913DDF}.Debug|Any CPU.Build.0 = Debug|Any CPU
		{3C6BB049-C7D5-4D63-83A5-70B6DF913DDF}.Release|Any CPU.ActiveCfg = Release|Any CPU
		{3C6BB049-C7D5-4D63-83A5-70B6DF913DDF}.Release|Any CPU.Build.0 = Release|Any CPU
	EndGlobalSection
	GlobalSection(SolutionProperties) = preSolution
		HideSolutionNode = FALSE
	EndGlobalSection
	GlobalSection(ExtensibilityGlobals) = postSolution
		SolutionGuid = {0C42DCC2-0093-4112-A96B-5A175E5991D8}
	EndGlobalSection
EndGlobal
